
Microsoft Visual Studio Solution File, Format Version 12.00
# Visual Studio Version 17
VisualStudioVersion = 17.8.34525.116
MinimumVisualStudioVersion = 10.0.40219.1
Project("{8BC9CEB8-8B4A-11D0-8D11-00A0C91BC942}") = "typestate_example_Cpp", "typestate_example_Cpp.vcxproj", "{FACBC2B8-C96F-4109-A3BC-E8C36C17938A}"
EndProject
Global
	GlobalSection(SolutionConfigurationPlatforms) = preSolution
		Debug|x64 = Debug|x64
		Debug|x86 = Debug|x86
		Release|x64 = Release|x64
		Release|x86 = Release|x86
	EndGlobalSection
	GlobalSection(ProjectConfigurationPlatforms) = postSolution
		{FACBC2B8-C96F-4109-A3BC-E8C36C17938A}.Debug|x64.ActiveCfg = Debug|x64
		{FACBC2B8-C96F-4109-A3BC-E8C36C17938A}.Debug|x64.Build.0 = Debug|x64
		{FACBC2B8-C96F-4109-A3BC-E8C36C17938A}.Debug|x86.ActiveCfg = Debug|Win32
		{FACBC2B8-C96F-4109-A3BC-E8C36C17938A}.Debug|x86.Build.0 = Debug|Win32
		{FACBC2B8-C96F-4109-A3BC-E8C36C17938A}.Release|x64.ActiveCfg = Release|x64
		{FACBC2B8-C96F-4109-A3BC-E8C36C17938A}.Release|x64.Build.0 = Release|x64
		{FACBC2B8-C96F-4109-A3BC-E8C36C17938A}.Release|x86.ActiveCfg = Release|Win32
		{FACBC2B8-C96F-4109-A3BC-E8C36C17938A}.Release|x86.Build.0 = Release|Win32
	EndGlobalSection
	GlobalSection(SolutionProperties) = preSolution
		HideSolutionNode = FALSE
	EndGlobalSection
	GlobalSection(ExtensibilityGlobals) = postSolution
		SolutionGuid = {5FA9AFAA-1EDD-447B-84AA-CB048BB012A6}
	EndGlobalSection
EndGlobal
